
Microsoft Visual Studio Solution File, Format Version 12.00
# Visual Studio Version 16
VisualStudioVersion = 16.0.30114.105
MinimumVisualStudioVersion = 10.0.40219.1
Project("{FAE04EC0-301F-11D3-BF4B-00C04F79EFBC}") = "Itv", "Itv.csproj", "{CD14B91C-6E4A-44ED-A70E-E584FD1172FA}"
EndProject
Project("{2150E333-8FDC-42A3-9474-1A3956D46DE8}") = "Solution Items", "Solution Items", "{C2E98F28-C4BB-47C9-8F86-AA97E895F485}"
	ProjectSection(SolutionItems) = preProject
		.editorconfig = .editorconfig
	EndProjectSection
EndProject
Global
	GlobalSection(SolutionConfigurationPlatforms) = preSolution
		Debug|Any CPU = Debug|Any CPU
		Release|Any CPU = Release|Any CPU
	EndGlobalSection
	GlobalSection(ProjectConfigurationPlatforms) = postSolution
		{CD14B91C-6E4A-44ED-A70E-E584FD1172FA}.Debug|Any CPU.ActiveCfg = Debug|Any CPU
		{CD14B91C-6E4A-44ED-A70E-E584FD1172FA}.Debug|Any CPU.Build.0 = Debug|Any CPU
		{CD14B91C-6E4A-44ED-A70E-E584FD1172FA}.Release|Any CPU.ActiveCfg = Release|Any CPU
		{CD14B91C-6E4A-44ED-A70E-E584FD1172FA}.Release|Any CPU.Build.0 = Release|Any CPU
	EndGlobalSection
	GlobalSection(SolutionProperties) = preSolution
		HideSolutionNode = FALSE
	EndGlobalSection
	GlobalSection(ExtensibilityGlobals) = postSolution
		SolutionGuid = {20C7C16D-C5D7-4CA5-8FE1-87B4527A8D9B}
	EndGlobalSection
EndGlobal
